
Microsoft Visual Studio Solution File, Format Version 12.00
# Visual Studio 2012
Project("{FAE04EC0-301F-11D3-BF4B-00C04F79EFBC}") = "SWT", "SWT\SWT.csproj", "{4891DA15-A11C-490C-A190-C294F1E15FE9}"
EndProject
Project("{FAE04EC0-301F-11D3-BF4B-00C04F79EFBC}") = "JWT", "JWT\JWT.csproj", "{4C72FA8C-B5DE-490A-8A99-FB240389D645}"
EndProject
Project("{2150E333-8FDC-42A3-9474-1A3956D46DE8}") = "Libraries", "Libraries", "{FA5E94C6-8A5E-4B02-8F15-F0E15A3BB72E}"
	ProjectSection(SolutionItems) = preProject
		Libraries\Security.Cryptography.dll = Libraries\Security.Cryptography.dll
	EndProjectSection
EndProject
Global
	GlobalSection(SolutionConfigurationPlatforms) = preSolution
		Debug|Any CPU = Debug|Any CPU
		Release|Any CPU = Release|Any CPU
	EndGlobalSection
	GlobalSection(ProjectConfigurationPlatforms) = postSolution
		{4891DA15-A11C-490C-A190-C294F1E15FE9}.Debug|Any CPU.ActiveCfg = Debug|Any CPU
		{4891DA15-A11C-490C-A190-C294F1E15FE9}.Debug|Any CPU.Build.0 = Debug|Any CPU
		{4891DA15-A11C-490C-A190-C294F1E15FE9}.Release|Any CPU.ActiveCfg = Release|Any CPU
		{4891DA15-A11C-490C-A190-C294F1E15FE9}.Release|Any CPU.Build.0 = Release|Any CPU
		{4C72FA8C-B5DE-490A-8A99-FB240389D645}.Debug|Any CPU.ActiveCfg = Debug|Any CPU
		{4C72FA8C-B5DE-490A-8A99-FB240389D645}.Debug|Any CPU.Build.0 = Debug|Any CPU
		{4C72FA8C-B5DE-490A-8A99-FB240389D645}.Release|Any CPU.ActiveCfg = Release|Any CPU
		{4C72FA8C-B5DE-490A-8A99-FB240389D645}.Release|Any CPU.Build.0 = Release|Any CPU
	EndGlobalSection
	GlobalSection(SolutionProperties) = preSolution
		HideSolutionNode = FALSE
	EndGlobalSection
EndGlobal
