
Microsoft Visual Studio Solution File, Format Version 12.00
# Visual Studio 2012
Project("{FAE04EC0-301F-11D3-BF4B-00C04F79EFBC}") = "MyContacts", "MyContacts\MyContacts.csproj", "{4084F5EE-0A4A-4C49-9E43-A7A1A955248B}"
EndProject
Project("{FAE04EC0-301F-11D3-BF4B-00C04F79EFBC}") = "MyPromo", "MyPromo\MyPromo.csproj", "{D09A8C17-E4FA-4A5A-B57C-8C8EBF710361}"
EndProject
Global
	GlobalSection(SolutionConfigurationPlatforms) = preSolution
		Debug|Any CPU = Debug|Any CPU
		Release|Any CPU = Release|Any CPU
	EndGlobalSection
	GlobalSection(ProjectConfigurationPlatforms) = postSolution
		{4084F5EE-0A4A-4C49-9E43-A7A1A955248B}.Debug|Any CPU.ActiveCfg = Debug|Any CPU
		{4084F5EE-0A4A-4C49-9E43-A7A1A955248B}.Debug|Any CPU.Build.0 = Debug|Any CPU
		{4084F5EE-0A4A-4C49-9E43-A7A1A955248B}.Release|Any CPU.ActiveCfg = Release|Any CPU
		{4084F5EE-0A4A-4C49-9E43-A7A1A955248B}.Release|Any CPU.Build.0 = Release|Any CPU
		{D09A8C17-E4FA-4A5A-B57C-8C8EBF710361}.Debug|Any CPU.ActiveCfg = Debug|Any CPU
		{D09A8C17-E4FA-4A5A-B57C-8C8EBF710361}.Debug|Any CPU.Build.0 = Debug|Any CPU
		{D09A8C17-E4FA-4A5A-B57C-8C8EBF710361}.Release|Any CPU.ActiveCfg = Release|Any CPU
		{D09A8C17-E4FA-4A5A-B57C-8C8EBF710361}.Release|Any CPU.Build.0 = Release|Any CPU
	EndGlobalSection
	GlobalSection(SolutionProperties) = preSolution
		HideSolutionNode = FALSE
	EndGlobalSection
EndGlobal
